
Microsoft Visual Studio Solution File, Format Version 12.00
Project("{FAE04EC0-301F-11D3-BF4B-00C04F79EFBC}") = "TestAppWeb", "TestAppWeb\TestAppWeb.csproj", "{9FF9B49C-9CDE-455F-9716-C6F13582309F}"
EndProject
Global
	GlobalSection(SolutionConfigurationPlatforms) = preSolution
		Debug|Any CPU = Debug|Any CPU
		Release|Any CPU = Release|Any CPU
	EndGlobalSection
	GlobalSection(ProjectConfigurationPlatforms) = postSolution
		{9FF9B49C-9CDE-455F-9716-C6F13582309F}.Debug|Any CPU.ActiveCfg = Debug|Any CPU
		{9FF9B49C-9CDE-455F-9716-C6F13582309F}.Debug|Any CPU.Build.0 = Debug|Any CPU
		{9FF9B49C-9CDE-455F-9716-C6F13582309F}.Release|Any CPU.ActiveCfg = Release|Any CPU
		{9FF9B49C-9CDE-455F-9716-C6F13582309F}.Release|Any CPU.Build.0 = Release|Any CPU
	EndGlobalSection
EndGlobal
